
Microsoft Visual Studio Solution File, Format Version 12.00
# Visual Studio Version 17
VisualStudioVersion = 17.1.32407.343
MinimumVisualStudioVersion = 10.0.40219.1
Project("{9A19103F-16F7-4668-BE54-9A1E7A4F7556}") = "FieldBooking", "FieldBooking\FieldBooking.csproj", "{3A3D46BB-AF80-4BD7-8EB2-A69194EE67D1}"
EndProject
Project("{9A19103F-16F7-4668-BE54-9A1E7A4F7556}") = "FieldBooking.Tests", "Tests\FieldBooking.Tests.csproj", "{1EBEEEF3-5254-4E43-B84B-D2EDC2310C0A}"
EndProject
Project("{9A19103F-16F7-4668-BE54-9A1E7A4F7556}") = "FieldBooking.Domain", "Domain\FieldBooking.Domain.csproj", "{0FFF063D-2113-447D-82FF-8BDCB20B01E7}"
EndProject
Project("{9A19103F-16F7-4668-BE54-9A1E7A4F7556}") = "FieldBooking.Data", "Data\FieldBooking.Data.csproj", "{780B5606-A844-412E-A03F-B69EF1FD34DF}"
EndProject
Global
	GlobalSection(SolutionConfigurationPlatforms) = preSolution
		Debug|Any CPU = Debug|Any CPU
		Release|Any CPU = Release|Any CPU
	EndGlobalSection
	GlobalSection(ProjectConfigurationPlatforms) = postSolution
		{3A3D46BB-AF80-4BD7-8EB2-A69194EE67D1}.Debug|Any CPU.ActiveCfg = Debug|Any CPU
		{3A3D46BB-AF80-4BD7-8EB2-A69194EE67D1}.Debug|Any CPU.Build.0 = Debug|Any CPU
		{3A3D46BB-AF80-4BD7-8EB2-A69194EE67D1}.Release|Any CPU.ActiveCfg = Release|Any CPU
		{3A3D46BB-AF80-4BD7-8EB2-A69194EE67D1}.Release|Any CPU.Build.0 = Release|Any CPU
		{1EBEEEF3-5254-4E43-B84B-D2EDC2310C0A}.Debug|Any CPU.ActiveCfg = Debug|Any CPU
		{1EBEEEF3-5254-4E43-B84B-D2EDC2310C0A}.Debug|Any CPU.Build.0 = Debug|Any CPU
		{1EBEEEF3-5254-4E43-B84B-D2EDC2310C0A}.Release|Any CPU.ActiveCfg = Release|Any CPU
		{1EBEEEF3-5254-4E43-B84B-D2EDC2310C0A}.Release|Any CPU.Build.0 = Release|Any CPU
		{0FFF063D-2113-447D-82FF-8BDCB20B01E7}.Debug|Any CPU.ActiveCfg = Debug|Any CPU
		{0FFF063D-2113-447D-82FF-8BDCB20B01E7}.Debug|Any CPU.Build.0 = Debug|Any CPU
		{0FFF063D-2113-447D-82FF-8BDCB20B01E7}.Release|Any CPU.ActiveCfg = Release|Any CPU
		{0FFF063D-2113-447D-82FF-8BDCB20B01E7}.Release|Any CPU.Build.0 = Release|Any CPU
		{780B5606-A844-412E-A03F-B69EF1FD34DF}.Debug|Any CPU.ActiveCfg = Debug|Any CPU
		{780B5606-A844-412E-A03F-B69EF1FD34DF}.Debug|Any CPU.Build.0 = Debug|Any CPU
		{780B5606-A844-412E-A03F-B69EF1FD34DF}.Release|Any CPU.ActiveCfg = Release|Any CPU
		{780B5606-A844-412E-A03F-B69EF1FD34DF}.Release|Any CPU.Build.0 = Release|Any CPU
	EndGlobalSection
	GlobalSection(SolutionProperties) = preSolution
		HideSolutionNode = FALSE
	EndGlobalSection
	GlobalSection(ExtensibilityGlobals) = postSolution
		SolutionGuid = {429C0CA1-3015-412B-A6AD-2DD4AE856B77}
	EndGlobalSection
EndGlobal
